// !$*UTF8*$!
{
	archiveVersion = 1;
	classes = {
	};
	objectVersion = 46;
	objects = {

/* Begin PBXBuildFile section */
		277596861D1BC616002D95B3 /* AppDelegate.swift in Sources */ = {isa = PBXBuildFile; fileRef = 277596851D1BC616002D95B3 /* AppDelegate.swift */; };
		277596881D1BC616002D95B3 /* ViewController.swift in Sources */ = {isa = PBXBuildFile; fileRef = 277596871D1BC616002D95B3 /* ViewController.swift */; };
		2775968A1D1BC616002D95B3 /* Assets.xcassets in Resources */ = {isa = PBXBuildFile; fileRef = 277596891D1BC616002D95B3 /* Assets.xcassets */; };
		2775968D1D1BC616002D95B3 /* Main.storyboard in Resources */ = {isa = PBXBuildFile; fileRef = 2775968B1D1BC616002D95B3 /* Main.storyboard */; };
/* End PBXBuildFile section */

/* Begin PBXFileReference section */
		277596821D1BC616002D95B3 /* JSON<->PLIST.app */ = {isa = PBXFileReference; explicitFileType = wrapper.application; includeInIndex = 0; path = "JSON<->PLIST.app"; sourceTree = BUILT_PRODUCTS_DIR; };
		277596851D1BC616002D95B3 /* AppDelegate.swift */ = {isa = PBXFileReference; lastKnownFileType = sourcecode.swift; path = AppDelegate.swift; sourceTree = "<group>"; };
		277596871D1BC616002D95B3 /* ViewController.swift */ = {isa = PBXFileReference; lastKnownFileType = sourcecode.swift; path = ViewController.swift; sourceTree = "<group>"; };
		277596891D1BC616002D95B3 /* Assets.xcassets */ = {isa = PBXFileReference; lastKnownFileType = folder.assetcatalog; path = Assets.xcassets; sourceTree = "<group>"; };
		2775968C1D1BC616002D95B3 /* Base */ = {isa = PBXFileReference; lastKnownFileType = file.storyboard; name = Base; path = Base.lproj/Main.storyboard; sourceTree = "<group>"; };
		2775968E1D1BC616002D95B3 /* Info.plist */ = {isa = PBXFileReference; lastKnownFileType = text.plist.xml; path = Info.plist; sourceTree = "<group>"; };
/* End PBXFileReference section */

/* Begin PBXFrameworksBuildPhase section */
		2775967F1D1BC616002D95B3 /* Frameworks */ = {
			isa = PBXFrameworksBuildPhase;
			buildActionMask = 2147483647;
			files = (
			);
			runOnlyForDeploymentPostprocessing = 0;
		};
/* End PBXFrameworksBuildPhase section */

/* Begin PBXGroup section */
		277596791D1BC616002D95B3 = {
			isa = PBXGroup;
			children = (
				277596841D1BC616002D95B3 /* JSON<->PLIST */,
				277596831D1BC616002D95B3 /* Products */,
			);
			sourceTree = "<group>";
		};
		277596831D1BC616002D95B3 /* Products */ = {
			isa = PBXGroup;
			children = (
				277596821D1BC616002D95B3 /* JSON<->PLIST.app */,
			);
			name = Products;
			sourceTree = "<group>";
		};
		277596841D1BC616002D95B3 /* JSON<->PLIST */ = {
			isa = PBXGroup;
			children = (
				277596851D1BC616002D95B3 /* AppDelegate.swift */,
				277596871D1BC616002D95B3 /* ViewController.swift */,
				277596891D1BC616002D95B3 /* Assets.xcassets */,
				2775968B1D1BC616002D95B3 /* Main.storyboard */,
				2775968E1D1BC616002D95B3 /* Info.plist */,
			);
			path = "JSON<->PLIST";
			sourceTree = "<group>";
		};
/* End PBXGroup section */

/* Begin PBXNativeTarget section */
		277596811D1BC616002D95B3 /* JSON<->PLIST */ = {
			isa = PBXNativeTarget;
			buildConfigurationList = 277596911D1BC616002D95B3 /* Build configuration list for PBXNativeTarget "JSON<->PLIST" */;
			buildPhases = (
				2775967E1D1BC616002D95B3 /* Sources */,
				2775967F1D1BC616002D95B3 /* Frameworks */,
				277596801D1BC616002D95B3 /* Resources */,
			);
			buildRules = (
			);
			dependencies = (
			);
			name = "JSON<->PLIST";
			productName = "JSON<->PLIST";
			productReference = 277596821D1BC616002D95B3 /* JSON<->PLIST.app */;
			productType = "com.apple.product-type.application";
		};
/* End PBXNativeTarget section */

/* Begin PBXProject section */
		2775967A1D1BC616002D95B3 /* Project object */ = {
			isa = PBXProject;
			attributes = {
				LastSwiftUpdateCheck = 0800;
				LastUpgradeCheck = 0800;
				ORGANIZATIONNAME = "谭钧豪";
				TargetAttributes = {
					277596811D1BC616002D95B3 = {
						CreatedOnToolsVersion = 8.0;
						DevelopmentTeam = WH34D4LQ84;
						DevelopmentTeamName = "JunHao Tan";
						ProvisioningStyle = Automatic;
					};
				};
			};
			buildConfigurationList = 2775967D1D1BC616002D95B3 /* Build configuration list for PBXProject "JSON<->PLIST" */;
			compatibilityVersion = "Xcode 3.2";
			developmentRegion = English;
			hasScannedForEncodings = 0;
			knownRegions = (
				en,
				Base,
			);
			mainGroup = 277596791D1BC616002D95B3;
			productRefGroup = 277596831D1BC616002D95B3 /* Products */;
			projectDirPath = "";
			projectRoot = "";
			targets = (
				277596811D1BC616002D95B3 /* JSON<->PLIST */,
			);
		};
/* End PBXProject section */

/* Begin PBXResourcesBuildPhase section */
		277596801D1BC616002D95B3 /* Resources */ = {
			isa = PBXResourcesBuildPhase;
			buildActionMask = 2147483647;
			files = (
				2775968A1D1BC616002D95B3 /* Assets.xcassets in Resources */,
				2775968D1D1BC616002D95B3 /* Main.storyboard in Resources */,
			);
			runOnlyForDeploymentPostprocessing = 0;
		};
/* End PBXResourcesBuildPhase section */

/* Begin PBXSourcesBuildPhase section */
		2775967E1D1BC616002D95B3 /* Sources */ = {
			isa = PBXSourcesBuildPhase;
			buildActionMask = 2147483647;
			files = (
				277596881D1BC616002D95B3 /* ViewController.swift in Sources */,
				277596861D1BC616002D95B3 /* AppDelegate.swift in Sources */,
			);
			runOnlyForDeploymentPostprocessing = 0;
		};
/* End PBXSourcesBuildPhase section */

/* Begin PBXVariantGroup section */
		2775968B1D1BC616002D95B3 /* Main.storyboard */ = {
			isa = PBXVariantGroup;
			children = (
				2775968C1D1BC616002D95B3 /* Base */,
			);
			name = Main.storyboard;
			sourceTree = "<group>";
		};
/* End PBXVariantGroup section */

/* Begin XCBuildConfiguration section */
		2775968F1D1BC616002D95B3 /* Debug */ = {
			isa = XCBuildConfiguration;
			buildSettings = {
				ALWAYS_SEARCH_USER_PATHS = NO;
				CLANG_ANALYZER_NONNULL = YES;
				CLANG_CXX_LANGUAGE_STANDARD = "gnu++0x";
				CLANG_CXX_LIBRARY = "libc++";
				CLANG_ENABLE_MODULES = YES;
				CLANG_ENABLE_OBJC_ARC = YES;
				CLANG_WARN_BOOL_CONVERSION = YES;
				CLANG_WARN_CONSTANT_CONVERSION = YES;
				CLANG_WARN_DIRECT_OBJC_ISA_USAGE = YES_ERROR;
				CLANG_WARN_DOCUMENTATION_COMMENTS = YES;
				CLANG_WARN_EMPTY_BODY = YES;
				CLANG_WARN_ENUM_CONVERSION = YES;
				CLANG_WARN_INT_CONVERSION = YES;
				CLANG_WARN_OBJC_ROOT_CLASS = YES_ERROR;
				CLANG_WARN_UNREACHABLE_CODE = YES;
				CLANG_WARN__DUPLICATE_METHOD_MATCH = YES;
				CODE_SIGN_IDENTITY = "-";
				COPY_PHASE_STRIP = NO;
				DEBUG_INFORMATION_FORMAT = dwarf;
				ENABLE_STRICT_OBJC_MSGSEND = YES;
				ENABLE_TESTABILITY = YES;
				GCC_C_LANGUAGE_STANDARD = gnu99;
				GCC_DYNAMIC_NO_PIC = NO;
				GCC_NO_COMMON_BLOCKS = YES;
				GCC_OPTIMIZATION_LEVEL = 0;
				GCC_PREPROCESSOR_DEFINITIONS = (
					"DEBUG=1",
					"$(inherited)",
				);
				GCC_WARN_64_TO_32_BIT_CONVERSION = YES;
				GCC_WARN_ABOUT_RETURN_TYPE = YES_ERROR;
				GCC_WARN_UNDECLARED_SELECTOR = YES;
				GCC_WARN_UNINITIALIZED_AUTOS = YES_AGGRESSIVE;
				GCC_WARN_UNUSED_FUNCTION = YES;
				GCC_WARN_UNUSED_VARIABLE = YES;
				MACOSX_DEPLOYMENT_TARGET = 10.11;
				MTL_ENABLE_DEBUG_INFO = YES;
				ONLY_ACTIVE_ARCH = YES;
				SDKROOT = macosx;
				SWIFT_ACTIVE_COMPILATION_CONDITIONS = DEBUG;
				SWIFT_OPTIMIZATION_LEVEL = "-Onone";
			};
			name = Debug;
		};
		277596901D1BC616002D95B3 /* Release */ = {
			isa = XCBuildConfiguration;
			buildSettings = {
				ALWAYS_SEARCH_USER_PATHS = NO;
				CLANG_ANALYZER_NONNULL = YES;
				CLANG_CXX_LANGUAGE_STANDARD = "gnu++0x";
				CLANG_CXX_LIBRARY = "libc++";
				CLANG_ENABLE_MODULES = YES;
				CLANG_ENABLE_OBJC_ARC = YES;
				CLANG_WARN_BOOL_CONVERSION = YES;
				CLANG_WARN_CONSTANT_CONVERSION = YES;
				CLANG_WARN_DIRECT_OBJC_ISA_USAGE = YES_ERROR;
				CLANG_WARN_DOCUMENTATION_COMMENTS = YES;
				CLANG_WARN_EMPTY_BODY = YES;
				CLANG_WARN_ENUM_CONVERSION = YES;
				CLANG_WARN_INT_CONVERSION = YES;
				CLANG_WARN_OBJC_ROOT_CLASS = YES_ERROR;
				CLANG_WARN_UNREACHABLE_CODE = YES;
				CLANG_WARN__DUPLICATE_METHOD_MATCH = YES;
				CODE_SIGN_IDENTITY = "-";
				COPY_PHASE_STRIP = NO;
				DEBUG_INFORMATION_FORMAT = "dwarf-with-dsym";
				ENABLE_NS_ASSERTIONS = NO;
				ENABLE_STRICT_OBJC_MSGSEND = YES;
				GCC_C_LANGUAGE_STANDARD = gnu99;
				GCC_NO_COMMON_BLOCKS = YES;
				GCC_WARN_64_TO_32_BIT_CONVERSION = YES;
				GCC_WARN_ABOUT_RETURN_TYPE = YES_ERROR;
				GCC_WARN_UNDECLARED_SELECTOR = YES;
				GCC_WARN_UNINITIALIZED_AUTOS = YES_AGGRESSIVE;
				GCC_WARN_UNUSED_FUNCTION = YES;
				GCC_WARN_UNUSED_VARIABLE = YES;
				MACOSX_DEPLOYMENT_TARGET = 10.11;
				MTL_ENABLE_DEBUG_INFO = NO;
				SDKROOT = macosx;
				SWIFT_OPTIMIZATION_LEVEL = "-Owholemodule";
			};
			name = Release;
		};
		277596921D1BC616002D95B3 /* Debug */ = {
			isa = XCBuildConfiguration;
			buildSettings = {
				ASSETCATALOG_COMPILER_APPICON_NAME = AppIcon;
				COMBINE_HIDPI_IMAGES = YES;
				INFOPLIST_FILE = "JSON<->PLIST/Info.plist";
				LD_RUNPATH_SEARCH_PATHS = "$(inherited) @executable_path/../Frameworks";
				PRODUCT_BUNDLE_IDENTIFIER = "com.Tan.JSON---PLIST";
				PRODUCT_NAME = "$(TARGET_NAME)";
				SWIFT_VERSION = 3.0;
			};
			name = Debug;
		};
		277596931D1BC616002D95B3 /* Release */ = {
			isa = XCBuildConfiguration;
			buildSettings = {
				ASSETCATALOG_COMPILER_APPICON_NAME = AppIcon;
				COMBINE_HIDPI_IMAGES = YES;
				INFOPLIST_FILE = "JSON<->PLIST/Info.plist";
				LD_RUNPATH_SEARCH_PATHS = "$(inherited) @executable_path/../Frameworks";
				PRODUCT_BUNDLE_IDENTIFIER = "com.Tan.JSON---PLIST";
				PRODUCT_NAME = "$(TARGET_NAME)";
				SWIFT_VERSION = 3.0;
			};
			name = Release;
		};
/* End XCBuildConfiguration section */

/* Begin XCConfigurationList section */
		2775967D1D1BC616002D95B3 /* Build configuration list for PBXProject "JSON<->PLIST" */ = {
			isa = XCConfigurationList;
			buildConfigurations = (
				2775968F1D1BC616002D95B3 /* Debug */,
				277596901D1BC616002D95B3 /* Release */,
			);
			defaultConfigurationIsVisible = 0;
			defaultConfigurationName = Release;
		};
		277596911D1BC616002D95B3 /* Build configuration list for PBXNativeTarget "JSON<->PLIST" */ = {
			isa = XCConfigurationList;
			buildConfigurations = (
				277596921D1BC616002D95B3 /* Debug */,
				277596931D1BC616002D95B3 /* Release */,
			);
			defaultConfigurationIsVisible = 0;
		};
/* End XCConfigurationList section */
	};
	rootObject = 2775967A1D1BC616002D95B3 /* Project object */;
}
